// !$*UTF8*$!
{
	archiveVersion = 1;
	classes = {
	};
	objectVersion = 56;
	objects = {

/* Begin PBXBuildFile section */
		A6378E812A54B57C00B6C537 /* Extensions.swift in Sources */ = {isa = PBXBuildFile; fileRef = A6378E802A54B57C00B6C537 /* Extensions.swift */; };
		A6B310352A5366770094B9F9 /* AppDelegate.swift in Sources */ = {isa = PBXBuildFile; fileRef = A6B310342A5366770094B9F9 /* AppDelegate.swift */; };
		A6B310372A5366770094B9F9 /* SceneDelegate.swift in Sources */ = {isa = PBXBuildFile; fileRef = A6B310362A5366770094B9F9 /* SceneDelegate.swift */; };
		A6B310392A5366770094B9F9 /* ConversationsViewController.swift in Sources */ = {isa = PBXBuildFile; fileRef = A6B310382A5366770094B9F9 /* ConversationsViewController.swift */; };
		A6B3103C2A5366770094B9F9 /* Main.storyboard in Resources */ = {isa = PBXBuildFile; fileRef = A6B3103A2A5366770094B9F9 /* Main.storyboard */; };
		A6B3103E2A5366780094B9F9 /* Assets.xcassets in Resources */ = {isa = PBXBuildFile; fileRef = A6B3103D2A5366780094B9F9 /* Assets.xcassets */; };
		A6B310412A5366780094B9F9 /* LaunchScreen.storyboard in Resources */ = {isa = PBXBuildFile; fileRef = A6B3103F2A5366780094B9F9 /* LaunchScreen.storyboard */; };
		A6B3104F2A536C550094B9F9 /* LoginViewController.swift in Sources */ = {isa = PBXBuildFile; fileRef = A6B3104E2A536C550094B9F9 /* LoginViewController.swift */; };
		A6B310512A536C6E0094B9F9 /* RegisterViewController.swift in Sources */ = {isa = PBXBuildFile; fileRef = A6B310502A536C6E0094B9F9 /* RegisterViewController.swift */; };
		A6B310532A536C9B0094B9F9 /* PhotoViwerViewController.swift in Sources */ = {isa = PBXBuildFile; fileRef = A6B310522A536C9B0094B9F9 /* PhotoViwerViewController.swift */; };
		A6B310552A536CC50094B9F9 /* VideoPlayerViewController.swift in Sources */ = {isa = PBXBuildFile; fileRef = A6B310542A536CC50094B9F9 /* VideoPlayerViewController.swift */; };
		A6B310572A536CF10094B9F9 /* NewConversationViewController.swift in Sources */ = {isa = PBXBuildFile; fileRef = A6B310562A536CF10094B9F9 /* NewConversationViewController.swift */; };
		A6B310592A536D190094B9F9 /* ProfileViewController.swift in Sources */ = {isa = PBXBuildFile; fileRef = A6B310582A536D190094B9F9 /* ProfileViewController.swift */; };
/* End PBXBuildFile section */

/* Begin PBXFileReference section */
		A6378E802A54B57C00B6C537 /* Extensions.swift */ = {isa = PBXFileReference; lastKnownFileType = sourcecode.swift; path = Extensions.swift; sourceTree = "<group>"; };
		A6B310312A5366770094B9F9 /* ChatApp.app */ = {isa = PBXFileReference; explicitFileType = wrapper.application; includeInIndex = 0; path = ChatApp.app; sourceTree = BUILT_PRODUCTS_DIR; };
		A6B310342A5366770094B9F9 /* AppDelegate.swift */ = {isa = PBXFileReference; lastKnownFileType = sourcecode.swift; path = AppDelegate.swift; sourceTree = "<group>"; };
		A6B310362A5366770094B9F9 /* SceneDelegate.swift */ = {isa = PBXFileReference; lastKnownFileType = sourcecode.swift; path = SceneDelegate.swift; sourceTree = "<group>"; };
		A6B310382A5366770094B9F9 /* ConversationsViewController.swift */ = {isa = PBXFileReference; lastKnownFileType = sourcecode.swift; path = ConversationsViewController.swift; sourceTree = "<group>"; };
		A6B3103B2A5366770094B9F9 /* Base */ = {isa = PBXFileReference; lastKnownFileType = file.storyboard; name = Base; path = Base.lproj/Main.storyboard; sourceTree = "<group>"; };
		A6B3103D2A5366780094B9F9 /* Assets.xcassets */ = {isa = PBXFileReference; lastKnownFileType = folder.assetcatalog; path = Assets.xcassets; sourceTree = "<group>"; };
		A6B310402A5366780094B9F9 /* Base */ = {isa = PBXFileReference; lastKnownFileType = file.storyboard; name = Base; path = Base.lproj/LaunchScreen.storyboard; sourceTree = "<group>"; };
		A6B310422A5366780094B9F9 /* Info.plist */ = {isa = PBXFileReference; lastKnownFileType = text.plist.xml; path = Info.plist; sourceTree = "<group>"; };
		A6B3104E2A536C550094B9F9 /* LoginViewController.swift */ = {isa = PBXFileReference; lastKnownFileType = sourcecode.swift; path = LoginViewController.swift; sourceTree = "<group>"; };
		A6B310502A536C6E0094B9F9 /* RegisterViewController.swift */ = {isa = PBXFileReference; lastKnownFileType = sourcecode.swift; path = RegisterViewController.swift; sourceTree = "<group>"; };
		A6B310522A536C9B0094B9F9 /* PhotoViwerViewController.swift */ = {isa = PBXFileReference; lastKnownFileType = sourcecode.swift; path = PhotoViwerViewController.swift; sourceTree = "<group>"; };
		A6B310542A536CC50094B9F9 /* VideoPlayerViewController.swift */ = {isa = PBXFileReference; lastKnownFileType = sourcecode.swift; path = VideoPlayerViewController.swift; sourceTree = "<group>"; };
		A6B310562A536CF10094B9F9 /* NewConversationViewController.swift */ = {isa = PBXFileReference; lastKnownFileType = sourcecode.swift; path = NewConversationViewController.swift; sourceTree = "<group>"; };
		A6B310582A536D190094B9F9 /* ProfileViewController.swift */ = {isa = PBXFileReference; lastKnownFileType = sourcecode.swift; path = ProfileViewController.swift; sourceTree = "<group>"; };
/* End PBXFileReference section */

/* Begin PBXFrameworksBuildPhase section */
		A6B3102E2A5366770094B9F9 /* Frameworks */ = {
			isa = PBXFrameworksBuildPhase;
			buildActionMask = 2147483647;
			files = (
			);
			runOnlyForDeploymentPostprocessing = 0;
		};
/* End PBXFrameworksBuildPhase section */

/* Begin PBXGroup section */
		A6378E7F2A54A87E00B6C537 /* Login */ = {
			isa = PBXGroup;
			children = (
				A6B310502A536C6E0094B9F9 /* RegisterViewController.swift */,
				A6B3104E2A536C550094B9F9 /* LoginViewController.swift */,
			);
			path = Login;
			sourceTree = "<group>";
		};
		A6B310282A5366770094B9F9 = {
			isa = PBXGroup;
			children = (
				A6B310332A5366770094B9F9 /* ChatApp */,
				A6B310322A5366770094B9F9 /* Products */,
			);
			sourceTree = "<group>";
		};
		A6B310322A5366770094B9F9 /* Products */ = {
			isa = PBXGroup;
			children = (
				A6B310312A5366770094B9F9 /* ChatApp.app */,
			);
			name = Products;
			sourceTree = "<group>";
		};
		A6B310332A5366770094B9F9 /* ChatApp */ = {
			isa = PBXGroup;
			children = (
				A6B3104C2A5369880094B9F9 /* Resources */,
				A6B3104B2A5369640094B9F9 /* ViewModels */,
				A6B3104A2A5369520094B9F9 /* Views */,
				A6B310492A5369450094B9F9 /* Models */,
				A6B310482A5368FC0094B9F9 /* Controllers */,
				A6B310422A5366780094B9F9 /* Info.plist */,
			);
			path = ChatApp;
			sourceTree = "<group>";
		};
		A6B310482A5368FC0094B9F9 /* Controllers */ = {
			isa = PBXGroup;
			children = (
				A6B310382A5366770094B9F9 /* ConversationsViewController.swift */,
				A6378E7F2A54A87E00B6C537 /* Login */,
				A6B310522A536C9B0094B9F9 /* PhotoViwerViewController.swift */,
				A6B310542A536CC50094B9F9 /* VideoPlayerViewController.swift */,
				A6B310562A536CF10094B9F9 /* NewConversationViewController.swift */,
				A6B310582A536D190094B9F9 /* ProfileViewController.swift */,
			);
			path = Controllers;
			sourceTree = "<group>";
		};
		A6B310492A5369450094B9F9 /* Models */ = {
			isa = PBXGroup;
			children = (
			);
			path = Models;
			sourceTree = "<group>";
		};
		A6B3104A2A5369520094B9F9 /* Views */ = {
			isa = PBXGroup;
			children = (
				A6B3104D2A536AB70094B9F9 /* Storybords */,
				A6B3103D2A5366780094B9F9 /* Assets.xcassets */,
			);
			path = Views;
			sourceTree = "<group>";
		};
		A6B3104B2A5369640094B9F9 /* ViewModels */ = {
			isa = PBXGroup;
			children = (
			);
			path = ViewModels;
			sourceTree = "<group>";
		};
		A6B3104C2A5369880094B9F9 /* Resources */ = {
			isa = PBXGroup;
			children = (
				A6B310342A5366770094B9F9 /* AppDelegate.swift */,
				A6B310362A5366770094B9F9 /* SceneDelegate.swift */,
				A6378E802A54B57C00B6C537 /* Extensions.swift */,
			);
			path = Resources;
			sourceTree = "<group>";
		};
		A6B3104D2A536AB70094B9F9 /* Storybords */ = {
			isa = PBXGroup;
			children = (
				A6B3103A2A5366770094B9F9 /* Main.storyboard */,
				A6B3103F2A5366780094B9F9 /* LaunchScreen.storyboard */,
			);
			path = Storybords;
			sourceTree = "<group>";
		};
/* End PBXGroup section */

/* Begin PBXNativeTarget section */
		A6B310302A5366770094B9F9 /* ChatApp */ = {
			isa = PBXNativeTarget;
			buildConfigurationList = A6B310452A5366780094B9F9 /* Build configuration list for PBXNativeTarget "ChatApp" */;
			buildPhases = (
				A6B3102D2A5366770094B9F9 /* Sources */,
				A6B3102E2A5366770094B9F9 /* Frameworks */,
				A6B3102F2A5366770094B9F9 /* Resources */,
			);
			buildRules = (
			);
			dependencies = (
			);
			name = ChatApp;
			productName = ChatApp;
			productReference = A6B310312A5366770094B9F9 /* ChatApp.app */;
			productType = "com.apple.product-type.application";
		};
/* End PBXNativeTarget section */

/* Begin PBXProject section */
		A6B310292A5366770094B9F9 /* Project object */ = {
			isa = PBXProject;
			attributes = {
				BuildIndependentTargetsInParallel = 1;
				LastSwiftUpdateCheck = 1420;
				LastUpgradeCheck = 1420;
				TargetAttributes = {
					A6B310302A5366770094B9F9 = {
						CreatedOnToolsVersion = 14.2;
					};
				};
			};
			buildConfigurationList = A6B3102C2A5366770094B9F9 /* Build configuration list for PBXProject "ChatApp" */;
			compatibilityVersion = "Xcode 14.0";
			developmentRegion = en;
			hasScannedForEncodings = 0;
			knownRegions = (
				en,
				Base,
			);
			mainGroup = A6B310282A5366770094B9F9;
			productRefGroup = A6B310322A5366770094B9F9 /* Products */;
			projectDirPath = "";
			projectRoot = "";
			targets = (
				A6B310302A5366770094B9F9 /* ChatApp */,
			);
		};
/* End PBXProject section */

/* Begin PBXResourcesBuildPhase section */
		A6B3102F2A5366770094B9F9 /* Resources */ = {
			isa = PBXResourcesBuildPhase;
			buildActionMask = 2147483647;
			files = (
				A6B310412A5366780094B9F9 /* LaunchScreen.storyboard in Resources */,
				A6B3103E2A5366780094B9F9 /* Assets.xcassets in Resources */,
				A6B3103C2A5366770094B9F9 /* Main.storyboard in Resources */,
			);
			runOnlyForDeploymentPostprocessing = 0;
		};
/* End PBXResourcesBuildPhase section */

/* Begin PBXSourcesBuildPhase section */
		A6B3102D2A5366770094B9F9 /* Sources */ = {
			isa = PBXSourcesBuildPhase;
			buildActionMask = 2147483647;
			files = (
				A6B3104F2A536C550094B9F9 /* LoginViewController.swift in Sources */,
				A6B310532A536C9B0094B9F9 /* PhotoViwerViewController.swift in Sources */,
				A6B310572A536CF10094B9F9 /* NewConversationViewController.swift in Sources */,
				A6B310512A536C6E0094B9F9 /* RegisterViewController.swift in Sources */,
				A6B310552A536CC50094B9F9 /* VideoPlayerViewController.swift in Sources */,
				A6378E812A54B57C00B6C537 /* Extensions.swift in Sources */,
				A6B310392A5366770094B9F9 /* ConversationsViewController.swift in Sources */,
				A6B310592A536D190094B9F9 /* ProfileViewController.swift in Sources */,
				A6B310352A5366770094B9F9 /* AppDelegate.swift in Sources */,
				A6B310372A5366770094B9F9 /* SceneDelegate.swift in Sources */,
			);
			runOnlyForDeploymentPostprocessing = 0;
		};
/* End PBXSourcesBuildPhase section */

/* Begin PBXVariantGroup section */
		A6B3103A2A5366770094B9F9 /* Main.storyboard */ = {
			isa = PBXVariantGroup;
			children = (
				A6B3103B2A5366770094B9F9 /* Base */,
			);
			name = Main.storyboard;
			sourceTree = "<group>";
		};
		A6B3103F2A5366780094B9F9 /* LaunchScreen.storyboard */ = {
			isa = PBXVariantGroup;
			children = (
				A6B310402A5366780094B9F9 /* Base */,
			);
			name = LaunchScreen.storyboard;
			sourceTree = "<group>";
		};
/* End PBXVariantGroup section */

/* Begin XCBuildConfiguration section */
		A6B310432A5366780094B9F9 /* Debug */ = {
			isa = XCBuildConfiguration;
			buildSettings = {
				ALWAYS_SEARCH_USER_PATHS = NO;
				CLANG_ANALYZER_NONNULL = YES;
				CLANG_ANALYZER_NUMBER_OBJECT_CONVERSION = YES_AGGRESSIVE;
				CLANG_CXX_LANGUAGE_STANDARD = "gnu++20";
				CLANG_ENABLE_MODULES = YES;
				CLANG_ENABLE_OBJC_ARC = YES;
				CLANG_ENABLE_OBJC_WEAK = YES;
				CLANG_WARN_BLOCK_CAPTURE_AUTORELEASING = YES;
				CLANG_WARN_BOOL_CONVERSION = YES;
				CLANG_WARN_COMMA = YES;
				CLANG_WARN_CONSTANT_CONVERSION = YES;
				CLANG_WARN_DEPRECATED_OBJC_IMPLEMENTATIONS = YES;
				CLANG_WARN_DIRECT_OBJC_ISA_USAGE = YES_ERROR;
				CLANG_WARN_DOCUMENTATION_COMMENTS = YES;
				CLANG_WARN_EMPTY_BODY = YES;
				CLANG_WARN_ENUM_CONVERSION = YES;
				CLANG_WARN_INFINITE_RECURSION = YES;
				CLANG_WARN_INT_CONVERSION = YES;
				CLANG_WARN_NON_LITERAL_NULL_CONVERSION = YES;
				CLANG_WARN_OBJC_IMPLICIT_RETAIN_SELF = YES;
				CLANG_WARN_OBJC_LITERAL_CONVERSION = YES;
				CLANG_WARN_OBJC_ROOT_CLASS = YES_ERROR;
				CLANG_WARN_QUOTED_INCLUDE_IN_FRAMEWORK_HEADER = YES;
				CLANG_WARN_RANGE_LOOP_ANALYSIS = YES;
				CLANG_WARN_STRICT_PROTOTYPES = YES;
				CLANG_WARN_SUSPICIOUS_MOVE = YES;
				CLANG_WARN_UNGUARDED_AVAILABILITY = YES_AGGRESSIVE;
				CLANG_WARN_UNREACHABLE_CODE = YES;
				CLANG_WARN__DUPLICATE_METHOD_MATCH = YES;
				COPY_PHASE_STRIP = NO;
				DEBUG_INFORMATION_FORMAT = dwarf;
				ENABLE_STRICT_OBJC_MSGSEND = YES;
				ENABLE_TESTABILITY = YES;
				GCC_C_LANGUAGE_STANDARD = gnu11;
				GCC_DYNAMIC_NO_PIC = NO;
				GCC_NO_COMMON_BLOCKS = YES;
				GCC_OPTIMIZATION_LEVEL = 0;
				GCC_PREPROCESSOR_DEFINITIONS = (
					"DEBUG=1",
					"$(inherited)",
				);
				GCC_WARN_64_TO_32_BIT_CONVERSION = YES;
				GCC_WARN_ABOUT_RETURN_TYPE = YES_ERROR;
				GCC_WARN_UNDECLARED_SELECTOR = YES;
				GCC_WARN_UNINITIALIZED_AUTOS = YES_AGGRESSIVE;
				GCC_WARN_UNUSED_FUNCTION = YES;
				GCC_WARN_UNUSED_VARIABLE = YES;
				IPHONEOS_DEPLOYMENT_TARGET = 16.2;
				MTL_ENABLE_DEBUG_INFO = INCLUDE_SOURCE;
				MTL_FAST_MATH = YES;
				ONLY_ACTIVE_ARCH = YES;
				SDKROOT = iphoneos;
				SWIFT_ACTIVE_COMPILATION_CONDITIONS = DEBUG;
				SWIFT_OPTIMIZATION_LEVEL = "-Onone";
			};
			name = Debug;
		};
		A6B310442A5366780094B9F9 /* Release */ = {
			isa = XCBuildConfiguration;
			buildSettings = {
				ALWAYS_SEARCH_USER_PATHS = NO;
				CLANG_ANALYZER_NONNULL = YES;
				CLANG_ANALYZER_NUMBER_OBJECT_CONVERSION = YES_AGGRESSIVE;
				CLANG_CXX_LANGUAGE_STANDARD = "gnu++20";
				CLANG_ENABLE_MODULES = YES;
				CLANG_ENABLE_OBJC_ARC = YES;
				CLANG_ENABLE_OBJC_WEAK = YES;
				CLANG_WARN_BLOCK_CAPTURE_AUTORELEASING = YES;
				CLANG_WARN_BOOL_CONVERSION = YES;
				CLANG_WARN_COMMA = YES;
				CLANG_WARN_CONSTANT_CONVERSION = YES;
				CLANG_WARN_DEPRECATED_OBJC_IMPLEMENTATIONS = YES;
				CLANG_WARN_DIRECT_OBJC_ISA_USAGE = YES_ERROR;
				CLANG_WARN_DOCUMENTATION_COMMENTS = YES;
				CLANG_WARN_EMPTY_BODY = YES;
				CLANG_WARN_ENUM_CONVERSION = YES;
				CLANG_WARN_INFINITE_RECURSION = YES;
				CLANG_WARN_INT_CONVERSION = YES;
				CLANG_WARN_NON_LITERAL_NULL_CONVERSION = YES;
				CLANG_WARN_OBJC_IMPLICIT_RETAIN_SELF = YES;
				CLANG_WARN_OBJC_LITERAL_CONVERSION = YES;
				CLANG_WARN_OBJC_ROOT_CLASS = YES_ERROR;
				CLANG_WARN_QUOTED_INCLUDE_IN_FRAMEWORK_HEADER = YES;
				CLANG_WARN_RANGE_LOOP_ANALYSIS = YES;
				CLANG_WARN_STRICT_PROTOTYPES = YES;
				CLANG_WARN_SUSPICIOUS_MOVE = YES;
				CLANG_WARN_UNGUARDED_AVAILABILITY = YES_AGGRESSIVE;
				CLANG_WARN_UNREACHABLE_CODE = YES;
				CLANG_WARN__DUPLICATE_METHOD_MATCH = YES;
				COPY_PHASE_STRIP = NO;
				DEBUG_INFORMATION_FORMAT = "dwarf-with-dsym";
				ENABLE_NS_ASSERTIONS = NO;
				ENABLE_STRICT_OBJC_MSGSEND = YES;
				GCC_C_LANGUAGE_STANDARD = gnu11;
				GCC_NO_COMMON_BLOCKS = YES;
				GCC_WARN_64_TO_32_BIT_CONVERSION = YES;
				GCC_WARN_ABOUT_RETURN_TYPE = YES_ERROR;
				GCC_WARN_UNDECLARED_SELECTOR = YES;
				GCC_WARN_UNINITIALIZED_AUTOS = YES_AGGRESSIVE;
				GCC_WARN_UNUSED_FUNCTION = YES;
				GCC_WARN_UNUSED_VARIABLE = YES;
				IPHONEOS_DEPLOYMENT_TARGET = 16.2;
				MTL_ENABLE_DEBUG_INFO = NO;
				MTL_FAST_MATH = YES;
				SDKROOT = iphoneos;
				SWIFT_COMPILATION_MODE = wholemodule;
				SWIFT_OPTIMIZATION_LEVEL = "-O";
				VALIDATE_PRODUCT = YES;
			};
			name = Release;
		};
		A6B310462A5366780094B9F9 /* Debug */ = {
			isa = XCBuildConfiguration;
			buildSettings = {
				ASSETCATALOG_COMPILER_APPICON_NAME = AppIcon;
				ASSETCATALOG_COMPILER_GLOBAL_ACCENT_COLOR_NAME = AccentColor;
				CODE_SIGN_STYLE = Automatic;
				CURRENT_PROJECT_VERSION = 1;
				DEVELOPMENT_TEAM = D9H75Q3A8H;
				GENERATE_INFOPLIST_FILE = YES;
				INFOPLIST_FILE = ChatApp/Info.plist;
				INFOPLIST_KEY_UIApplicationSupportsIndirectInputEvents = YES;
				INFOPLIST_KEY_UILaunchStoryboardName = LaunchScreen;
				INFOPLIST_KEY_UIMainStoryboardFile = Main;
				INFOPLIST_KEY_UISupportedInterfaceOrientations = "UIInterfaceOrientationLandscapeLeft UIInterfaceOrientationLandscapeRight UIInterfaceOrientationPortrait";
				INFOPLIST_KEY_UISupportedInterfaceOrientations_iPad = "UIInterfaceOrientationPortrait UIInterfaceOrientationPortraitUpsideDown";
				IPHONEOS_DEPLOYMENT_TARGET = 13.5;
				LD_RUNPATH_SEARCH_PATHS = (
					"$(inherited)",
					"@executable_path/Frameworks",
				);
				MARKETING_VERSION = 1.0;
				PRODUCT_BUNDLE_IDENTIFIER = com.sena.ChatApp;
				PRODUCT_NAME = "$(TARGET_NAME)";
				SWIFT_EMIT_LOC_STRINGS = YES;
				SWIFT_VERSION = 5.0;
				TARGETED_DEVICE_FAMILY = "1,2";
			};
			name = Debug;
		};
		A6B310472A5366780094B9F9 /* Release */ = {
			isa = XCBuildConfiguration;
			buildSettings = {
				ASSETCATALOG_COMPILER_APPICON_NAME = AppIcon;
				ASSETCATALOG_COMPILER_GLOBAL_ACCENT_COLOR_NAME = AccentColor;
				CODE_SIGN_STYLE = Automatic;
				CURRENT_PROJECT_VERSION = 1;
				DEVELOPMENT_TEAM = D9H75Q3A8H;
				GENERATE_INFOPLIST_FILE = YES;
				INFOPLIST_FILE = ChatApp/Info.plist;
				INFOPLIST_KEY_UIApplicationSupportsIndirectInputEvents = YES;
				INFOPLIST_KEY_UILaunchStoryboardName = LaunchScreen;
				INFOPLIST_KEY_UIMainStoryboardFile = Main;
				INFOPLIST_KEY_UISupportedInterfaceOrientations = "UIInterfaceOrientationLandscapeLeft UIInterfaceOrientationLandscapeRight UIInterfaceOrientationPortrait";
				INFOPLIST_KEY_UISupportedInterfaceOrientations_iPad = "UIInterfaceOrientationPortrait UIInterfaceOrientationPortraitUpsideDown";
				IPHONEOS_DEPLOYMENT_TARGET = 13.5;
				LD_RUNPATH_SEARCH_PATHS = (
					"$(inherited)",
					"@executable_path/Frameworks",
				);
				MARKETING_VERSION = 1.0;
				PRODUCT_BUNDLE_IDENTIFIER = com.sena.ChatApp;
				PRODUCT_NAME = "$(TARGET_NAME)";
				SWIFT_EMIT_LOC_STRINGS = YES;
				SWIFT_VERSION = 5.0;
				TARGETED_DEVICE_FAMILY = "1,2";
			};
			name = Release;
		};
/* End XCBuildConfiguration section */

/* Begin XCConfigurationList section */
		A6B3102C2A5366770094B9F9 /* Build configuration list for PBXProject "ChatApp" */ = {
			isa = XCConfigurationList;
			buildConfigurations = (
				A6B310432A5366780094B9F9 /* Debug */,
				A6B310442A5366780094B9F9 /* Release */,
			);
			defaultConfigurationIsVisible = 0;
			defaultConfigurationName = Release;
		};
		A6B310452A5366780094B9F9 /* Build configuration list for PBXNativeTarget "ChatApp" */ = {
			isa = XCConfigurationList;
			buildConfigurations = (
				A6B310462A5366780094B9F9 /* Debug */,
				A6B310472A5366780094B9F9 /* Release */,
			);
			defaultConfigurationIsVisible = 0;
			defaultConfigurationName = Release;
		};
/* End XCConfigurationList section */
	};
	rootObject = A6B310292A5366770094B9F9 /* Project object */;
}
